lockfileVersion: 5.4

specifiers:
  '@alpinejs/intersect': ^3.11.1
  alpinejs: ^3.11.1
  chart.js: ^4.2.1
  chartkick: ^5.0.1
  prettier: ^2.8.4
  prettier-plugin-tailwindcss: ^0.2.3

dependencies:
  '@alpinejs/intersect': 3.11.1
  alpinejs: 3.11.1
  chart.js: 4.2.1
  chartkick: 5.0.1

devDependencies:
  prettier: 2.8.4
  prettier-plugin-tailwindcss: 0.2.3_prettier@2.8.4

packages:

  /@alpinejs/intersect/3.11.1:
    resolution: {integrity: sha512-kY8MBSZhfgaaEQC94flhCUVX04RAEXpZRZSKFb8cToDNDFbVhVFF8HNPEAwH+SQOAI45A0LFjGbVaO9m89egVw==}
    dev: false

  /@kurkle/color/0.3.2:
    resolution: {integrity: sha512-fuscdXJ9G1qb7W8VdHi+IwRqij3lBkosAm4ydQtEmbY58OzHXqQhvlxqEkoz0yssNVn38bcpRWgA9PP+OGoisw==}
    dev: false

  /@vue/reactivity/3.1.5:
    resolution: {integrity: sha512-1tdfLmNjWG6t/CsPldh+foumYFo3cpyCHgBYQ34ylaMsJ+SNHQ1kApMIa8jN+i593zQuaw3AdWH0nJTARzCFhg==}
    dependencies:
      '@vue/shared': 3.1.5
    dev: false

  /@vue/shared/3.1.5:
    resolution: {integrity: sha512-oJ4F3TnvpXaQwZJNF3ZK+kLPHKarDmJjJ6jyzVNDKH9md1dptjC7lWR//jrGuLdek/U6iltWxqAnYOu8gCiOvA==}
    dev: false

  /alpinejs/3.11.1:
    resolution: {integrity: sha512-0Y+4WKQcEZrvpfS98qeSOXCPXFPorULQ+1hc8lQrx+1HHzkUofD4HzjTfz+wimA5tSsGnpXz/SoF2P9saiXZCw==}
    dependencies:
      '@vue/reactivity': 3.1.5
    dev: false

  /chart.js/4.2.1:
    resolution: {integrity: sha512-6YbpQ0nt3NovAgOzbkSSeeAQu/3za1319dPUQTXn9WcOpywM8rGKxJHrhS8V8xEkAlk8YhEfjbuAPfUyp6jIsw==}
    engines: {pnpm: ^7.0.0}
    dependencies:
      '@kurkle/color': 0.3.2
    dev: false

  /chartjs-adapter-date-fns/3.0.0_rid3rx6orfiwps7kg2r43n6mvu:
    resolution: {integrity: sha512-Rs3iEB3Q5pJ973J93OBTpnP7qoGwvq3nUnoMdtxO+9aoJof7UFcRbWcIDteXuYd1fgAvct/32T9qaLyLuZVwCg==}
    requiresBuild: true
    peerDependencies:
      chart.js: '>=2.8.0'
      date-fns: '>=2.0.0'
    dependencies:
      chart.js: 4.2.1
      date-fns: 2.29.3
    dev: false
    optional: true

  /chartkick/5.0.1:
    resolution: {integrity: sha512-4F3tWI3eBQgnjCYZIZ+fHOaJuNyxeyhDE2Tm+voOWB19hDjSJceys/spzN52DOn8bWepNESGXvPVTGU1jeFsbA==}
    optionalDependencies:
      chart.js: 4.2.1
      chartjs-adapter-date-fns: 3.0.0_rid3rx6orfiwps7kg2r43n6mvu
      date-fns: 2.29.3
    dev: false

  /date-fns/2.29.3:
    resolution: {integrity: sha512-dDCnyH2WnnKusqvZZ6+jA1O51Ibt8ZMRNkDZdyAyK4YfbDwa/cEmuztzG5pk6hqlp9aSBPYcjOlktquahGwGeA==}
    engines: {node: '>=0.11'}
    requiresBuild: true
    dev: false
    optional: true

  /prettier-plugin-tailwindcss/0.2.3_prettier@2.8.4:
    resolution: {integrity: sha512-s2N5Dh7Ao5KTV1mao5ZBnn8EKtUcDPJEkGViZIjI0Ij9TTI5zgTz4IHOxW33jOdjHKa8CSjM88scelUiC5TNRQ==}
    engines: {node: '>=12.17.0'}
    peerDependencies:
      '@ianvs/prettier-plugin-sort-imports': '*'
      '@prettier/plugin-php': '*'
      '@prettier/plugin-pug': '*'
      '@shopify/prettier-plugin-liquid': '*'
      '@shufo/prettier-plugin-blade': '*'
      '@trivago/prettier-plugin-sort-imports': '*'
      prettier: '>=2.2.0'
      prettier-plugin-astro: '*'
      prettier-plugin-css-order: '*'
      prettier-plugin-import-sort: '*'
      prettier-plugin-jsdoc: '*'
      prettier-plugin-organize-attributes: '*'
      prettier-plugin-organize-imports: '*'
      prettier-plugin-style-order: '*'
      prettier-plugin-svelte: '*'
      prettier-plugin-twig-melody: '*'
    peerDependenciesMeta:
      '@ianvs/prettier-plugin-sort-imports':
        optional: true
      '@prettier/plugin-php':
        optional: true
      '@prettier/plugin-pug':
        optional: true
      '@shopify/prettier-plugin-liquid':
        optional: true
      '@shufo/prettier-plugin-blade':
        optional: true
      '@trivago/prettier-plugin-sort-imports':
        optional: true
      prettier-plugin-astro:
        optional: true
      prettier-plugin-css-order:
        optional: true
      prettier-plugin-import-sort:
        optional: true
      prettier-plugin-jsdoc:
        optional: true
      prettier-plugin-organize-attributes:
        optional: true
      prettier-plugin-organize-imports:
        optional: true
      prettier-plugin-style-order:
        optional: true
      prettier-plugin-svelte:
        optional: true
      prettier-plugin-twig-melody:
        optional: true
    dependencies:
      prettier: 2.8.4
    dev: true

  /prettier/2.8.4:
    resolution: {integrity: sha512-vIS4Rlc2FNh0BySk3Wkd6xmwxB0FpOndW5fisM5H8hsZSxU2VWVB5CWIkIjWvrHjIhxk2g3bfMKM87zNTrZddw==}
    engines: {node: '>=10.13.0'}
    hasBin: true
    dev: true
